
Microsoft Visual Studio Solution File, Format Version 12.00
# Visual Studio Version 16
VisualStudioVersion = 16.0.29009.5
MinimumVisualStudioVersion = 10.0.40219.1
Project("{FAE04EC0-301F-11D3-BF4B-00C04F79EFBC}") = "chris_blog", "chris_blog\chris_blog.csproj", "{59B78923-B9A2-4386-9BE9-7B61691B1372}"
EndProject
Global
	GlobalSection(SolutionConfigurationPlatforms) = preSolution
		Debug|Any CPU = Debug|Any CPU
		Release|Any CPU = Release|Any CPU
	EndGlobalSection
	GlobalSection(ProjectConfigurationPlatforms) = postSolution
		{59B78923-B9A2-4386-9BE9-7B61691B1372}.Debug|Any CPU.ActiveCfg = Debug|Any CPU
		{59B78923-B9A2-4386-9BE9-7B61691B1372}.Debug|Any CPU.Build.0 = Debug|Any CPU
		{59B78923-B9A2-4386-9BE9-7B61691B1372}.Release|Any CPU.ActiveCfg = Release|Any CPU
		{59B78923-B9A2-4386-9BE9-7B61691B1372}.Release|Any CPU.Build.0 = Release|Any CPU
	EndGlobalSection
	GlobalSection(SolutionProperties) = preSolution
		HideSolutionNode = FALSE
	EndGlobalSection
	GlobalSection(ExtensibilityGlobals) = postSolution
		SolutionGuid = {319BDE6C-80AD-499C-B7E3-4F1D6E52EE26}
	EndGlobalSection
EndGlobal
